
Microsoft Visual Studio Solution File, Format Version 12.00
# Visual Studio Version 17
VisualStudioVersion = 17.14.36518.9
MinimumVisualStudioVersion = 10.0.40219.1
Project("{FAE04EC0-301F-11D3-BF4B-00C04F79EFBC}") = "guessing_game", "guessing_game\guessing_game.csproj", "{9E2EC10D-D3AD-48D5-BF9D-ADD90C30DC1F}"
EndProject
Project("{FAE04EC0-301F-11D3-BF4B-00C04F79EFBC}") = "WebStore", "WebStore\WebStore.csproj", "{72866410-9E8E-4A13-8D45-71A3A1BCBCF5}"
EndProject
Global
	GlobalSection(SolutionConfigurationPlatforms) = preSolution
		Debug|Any CPU = Debug|Any CPU
		Release|Any CPU = Release|Any CPU
	EndGlobalSection
	GlobalSection(ProjectConfigurationPlatforms) = postSolution
		{9E2EC10D-D3AD-48D5-BF9D-ADD90C30DC1F}.Debug|Any CPU.ActiveCfg = Debug|Any CPU
		{9E2EC10D-D3AD-48D5-BF9D-ADD90C30DC1F}.Debug|Any CPU.Build.0 = Debug|Any CPU
		{9E2EC10D-D3AD-48D5-BF9D-ADD90C30DC1F}.Release|Any CPU.ActiveCfg = Release|Any CPU
		{9E2EC10D-D3AD-48D5-BF9D-ADD90C30DC1F}.Release|Any CPU.Build.0 = Release|Any CPU
		{72866410-9E8E-4A13-8D45-71A3A1BCBCF5}.Debug|Any CPU.ActiveCfg = Debug|Any CPU
		{72866410-9E8E-4A13-8D45-71A3A1BCBCF5}.Debug|Any CPU.Build.0 = Debug|Any CPU
		{72866410-9E8E-4A13-8D45-71A3A1BCBCF5}.Release|Any CPU.ActiveCfg = Release|Any CPU
		{72866410-9E8E-4A13-8D45-71A3A1BCBCF5}.Release|Any CPU.Build.0 = Release|Any CPU
	EndGlobalSection
	GlobalSection(SolutionProperties) = preSolution
		HideSolutionNode = FALSE
	EndGlobalSection
	GlobalSection(ExtensibilityGlobals) = postSolution
		SolutionGuid = {08F94011-3B99-4F46-A4AF-0538811CC0FC}
	EndGlobalSection
EndGlobal
